{
    "_meta": {
        "hash": {
            "sha256": "325e10a75090cd7307166e0fb9dc60c9e5607f19779b763073a2d845a45d5a8f"
        },
        "pipfile-spec": 6,
        "requires": {
            "python_version": "3.10"
        },
        "sources": [
            {
                "name": "pypi",
                "url": "https://pypi.org/simple",
                "verify_ssl": true
            }
        ]
    },
    "default": {
        "asgiref": {
            "hashes": [
                "sha256:1d2880b792ae8757289136f1db2b7b99100ce959b2aa57fd69dab783d05afac4",
                "sha256:4a29362a6acebe09bf1d6640db38c1dc3d9217c68e6f9f6204d72667fc19a424"
            ],
            "markers": "python_version >= '3.7'",
            "version": "==3.5.2"
        },
        "django": {
            "hashes": [
                "sha256:678bbfc8604eb246ed54e2063f0765f13b321a50526bdc8cb1f943eda7fa31f1",
                "sha256:6b1de6886cae14c7c44d188f580f8ba8da05750f544c80ae5ad43375ab293cd5"
            ],
            "markers": "python_version >= '3.8'",
            "version": "==4.1.3"
        },
        "django-fontawesome-5": {
            "hashes": [
                "sha256:1be340e795a6a68ebd9ba5d75e26bd72a839515c351786ff45e16b90bf50c3a0",
                "sha256:4fc4a7f5d0fe6e10d542ac9f1c143ad5e92aa61c6f310ea297c3c26bfc6001dd"
            ],
            "index": "pypi",
            "version": "==1.0.18"
        },
        "sqlparse": {
            "hashes": [
                "sha256:0323c0ec29cd52bceabc1b4d9d579e311f3e4961b98d174201d5622a23b85e34",
                "sha256:69ca804846bb114d2ec380e4360a8a340db83f0ccf3afceeb1404df028f57268"
            ],
            "markers": "python_version >= '3.5'",
            "version": "==0.4.3"
        }
    },
    "develop": {}
}
